
Microsoft Visual Studio Solution File, Format Version 12.00
# Visual Studio Version 17
VisualStudioVersion = 17.5.33502.453
MinimumVisualStudioVersion = 10.0.40219.1
Project("{FAE04EC0-301F-11D3-BF4B-00C04F79EFBC}") = "proyecto de joan2", "proyecto de joan2\proyecto de joan2.csproj", "{99568EC2-16AB-4812-90F2-8716CEFAA653}"
EndProject
Global
	GlobalSection(SolutionConfigurationPlatforms) = preSolution
		Debug|Any CPU = Debug|Any CPU
		Release|Any CPU = Release|Any CPU
	EndGlobalSection
	GlobalSection(ProjectConfigurationPlatforms) = postSolution
		{99568EC2-16AB-4812-90F2-8716CEFAA653}.Debug|Any CPU.ActiveCfg = Debug|Any CPU
		{99568EC2-16AB-4812-90F2-8716CEFAA653}.Debug|Any CPU.Build.0 = Debug|Any CPU
		{99568EC2-16AB-4812-90F2-8716CEFAA653}.Release|Any CPU.ActiveCfg = Release|Any CPU
		{99568EC2-16AB-4812-90F2-8716CEFAA653}.Release|Any CPU.Build.0 = Release|Any CPU
	EndGlobalSection
	GlobalSection(SolutionProperties) = preSolution
		HideSolutionNode = FALSE
	EndGlobalSection
	GlobalSection(ExtensibilityGlobals) = postSolution
		SolutionGuid = {599BCE17-0EA7-484F-8EC4-C02682E3AC47}
	EndGlobalSection
EndGlobal
